{
  "name": "wip-x",
  "version": "1.0.0",
  "lockfileVersion": 3,
  "requires": true,
  "packages": {
    "": {
      "name": "wip-x",
      "version": "1.0.0",
      "license": "ISC",
      "dependencies": {
        "@xdevplatform/xdk": "^0.4.0"
      }
    },
    "node_modules/@xdevplatform/xdk": {
      "version": "0.4.0",
      "resolved": "https://registry.npmjs.org/@xdevplatform/xdk/-/xdk-0.4.0.tgz",
      "integrity": "sha512-jl0lPyMYVFaQOWvG2D4i8vC72/CMh/bOcMbjZA2jP5gUMV2MztC5zTEsF3I76VS8wxdDrtrOTiX2BRzKsua6LA==",
      "license": "MIT",
      "engines": {
        "node": ">=16.14"
      },
      "peerDependencies": {
        "node-fetch": "^3.3.0"
      },
      "peerDependenciesMeta": {
        "node-fetch": {
          "optional": true
        }
      }
    }
  }
}
